PODS:
  - SpinWheelControl (0.1.5)
  - SwiftSoup (1.7.1)
  - "UIView+Shake (1.4.0)"
  - VariousViewsEffects (1.2.1)

DEPENDENCIES:
  - SpinWheelControl
  - SwiftSoup
  - "UIView+Shake"
  - VariousViewsEffects

SPEC REPOS:
  https://github.com/CocoaPods/Specs.git:
    - SpinWheelControl
    - SwiftSoup
    - "UIView+Shake"
    - VariousViewsEffects

SPEC CHECKSUMS:
  SpinWheelControl: a4c151fc62fcbed65b31804d0022f7161c47cc2b
  SwiftSoup: 277f7ef548826e0ca7603a06b30d4a5df3ee0587
  "UIView+Shake": 055ad67721de1f74d29c0a1d464697e505dfc62f
  VariousViewsEffects: 07c0592127b36a32549e61f73e48ae1a4a865566

PODFILE CHECKSUM: 7255517f5aa279c6ddb9df9fb62606c6d4afb05f

COCOAPODS: 1.5.0
